
Microsoft Visual Studio Solution File, Format Version 12.00
# Visual Studio Version 17
VisualStudioVersion = 17.8.34330.188
MinimumVisualStudioVersion = 10.0.40219.1
Project("{FAE04EC0-301F-11D3-BF4B-00C04F79EFBC}") = "VeterinarniKlinika", "VeterinarniKlinika\VeterinarniKlinika.csproj", "{DA3F7731-0DFB-4751-BCDF-4E56E42D0D1F}"
EndProject
Global
	GlobalSection(SolutionConfigurationPlatforms) = preSolution
		Debug|Any CPU = Debug|Any CPU
		Release|Any CPU = Release|Any CPU
	EndGlobalSection
	GlobalSection(ProjectConfigurationPlatforms) = postSolution
		{DA3F7731-0DFB-4751-BCDF-4E56E42D0D1F}.Debug|Any CPU.ActiveCfg = Debug|Any CPU
		{DA3F7731-0DFB-4751-BCDF-4E56E42D0D1F}.Debug|Any CPU.Build.0 = Debug|Any CPU
		{DA3F7731-0DFB-4751-BCDF-4E56E42D0D1F}.Release|Any CPU.ActiveCfg = Release|Any CPU
		{DA3F7731-0DFB-4751-BCDF-4E56E42D0D1F}.Release|Any CPU.Build.0 = Release|Any CPU
	EndGlobalSection
	GlobalSection(SolutionProperties) = preSolution
		HideSolutionNode = FALSE
	EndGlobalSection
	GlobalSection(ExtensibilityGlobals) = postSolution
		SolutionGuid = {8E1F817E-5ACF-4572-87B7-72656464ADBE}
	EndGlobalSection
EndGlobal
